
Microsoft Visual Studio Solution File, Format Version 12.00
# Visual Studio 2012
Project("{FAE04EC0-301F-11D3-BF4B-00C04F79EFBC}") = "YWP", "YWP.csproj", "{50E29DA9-8CBA-4355-96EE-2A197F778E05}"
EndProject
Global
	GlobalSection(SolutionConfigurationPlatforms) = preSolution
		Debug|Any CPU = Debug|Any CPU
		Release|Any CPU = Release|Any CPU
	EndGlobalSection
	GlobalSection(ProjectConfigurationPlatforms) = postSolution
		{50E29DA9-8CBA-4355-96EE-2A197F778E05}.Debug|Any CPU.ActiveCfg = Debug|Any CPU
		{50E29DA9-8CBA-4355-96EE-2A197F778E05}.Debug|Any CPU.Build.0 = Debug|Any CPU
		{50E29DA9-8CBA-4355-96EE-2A197F778E05}.Release|Any CPU.ActiveCfg = Release|Any CPU
		{50E29DA9-8CBA-4355-96EE-2A197F778E05}.Release|Any CPU.Build.0 = Release|Any CPU
	EndGlobalSection
	GlobalSection(SolutionProperties) = preSolution
		HideSolutionNode = FALSE
	EndGlobalSection
EndGlobal
